
Microsoft Visual Studio Solution File, Format Version 12.00
# Visual Studio 2012
Project("{FAE04EC0-301F-11D3-BF4B-00C04F79EFBC}") = "F1.Libs.UnitTest", "F1.Libs.UnitTest\F1.Libs.UnitTest.csproj", "{570D3D36-505B-4261-8DE6-1E5F852740EE}"
EndProject
Project("{FAE04EC0-301F-11D3-BF4B-00C04F79EFBC}") = "F1.Libs.UnitTest.Console", "F1.Libs.UnitTest.Console\F1.Libs.UnitTest.Console.csproj", "{1076A4E1-2116-46C7-9302-093E5C76A8DE}"
EndProject
Global
	GlobalSection(SolutionConfigurationPlatforms) = preSolution
		Debug|Any CPU = Debug|Any CPU
		Release|Any CPU = Release|Any CPU
	EndGlobalSection
	GlobalSection(ProjectConfigurationPlatforms) = postSolution
		{570D3D36-505B-4261-8DE6-1E5F852740EE}.Debug|Any CPU.ActiveCfg = Debug|Any CPU
		{570D3D36-505B-4261-8DE6-1E5F852740EE}.Debug|Any CPU.Build.0 = Debug|Any CPU
		{570D3D36-505B-4261-8DE6-1E5F852740EE}.Release|Any CPU.ActiveCfg = Release|Any CPU
		{570D3D36-505B-4261-8DE6-1E5F852740EE}.Release|Any CPU.Build.0 = Release|Any CPU
		{1076A4E1-2116-46C7-9302-093E5C76A8DE}.Debug|Any CPU.ActiveCfg = Debug|Any CPU
		{1076A4E1-2116-46C7-9302-093E5C76A8DE}.Debug|Any CPU.Build.0 = Debug|Any CPU
		{1076A4E1-2116-46C7-9302-093E5C76A8DE}.Release|Any CPU.ActiveCfg = Release|Any CPU
		{1076A4E1-2116-46C7-9302-093E5C76A8DE}.Release|Any CPU.Build.0 = Release|Any CPU
	EndGlobalSection
	GlobalSection(SolutionProperties) = preSolution
		HideSolutionNode = FALSE
	EndGlobalSection
EndGlobal
